{
  "nodes": {
    "blank": {
      "locked": {
        "lastModified": 1625557891,
        "narHash": "sha256-O8/MWsPBGhhyPoPLHZAuoZiiHo9q6FLlEeIDEXuj6T4=",
        "owner": "divnix",
        "repo": "blank",
        "rev": "5a5d2684073d9f563072ed07c871d577a6c614a8",
        "type": "github"
      },
      "original": {
        "owner": "divnix",
        "repo": "blank",
        "type": "github"
      }
    },
    "call-flake": {
      "locked": {
        "lastModified": 1687380775,
        "narHash": "sha256-bmhE1TmrJG4ba93l9WQTLuYM53kwGQAjYHRvHOeuxWU=",
        "owner": "divnix",
        "repo": "call-flake",
        "rev": "74061f6c241227cd05e79b702db9a300a2e4131a",
        "type": "github"
      },
      "original": {
        "owner": "divnix",
        "repo": "call-flake",
        "type": "github"
      }
    },
    "colmena": {
      "inputs": {
        "flake-compat": "flake-compat",
        "flake-utils": "flake-utils",
        "nixpkgs": [
          "nixpkgs"
        ],
        "stable": "stable"
      },
      "locked": {
        "lastModified": 1711386353,
        "narHash": "sha256-gWEpb8Hybnoqb4O4tmpohGZk6+aerAbJpywKcFIiMlg=",
        "owner": "zhaofengli",
        "repo": "colmena",
        "rev": "cd65ef7a25cdc75052fbd04b120aeb066c3881db",
        "type": "github"
      },
      "original": {
        "owner": "zhaofengli",
        "repo": "colmena",
        "type": "github"
      }
    },
    "conceal-nvim": {
      "flake": false,
      "locked": {
        "lastModified": 1701804831,
        "narHash": "sha256-4Nhcjk89WD0Kw9iD0YsZ202tRTWlhFHxhVp2kyoju/Y=",
        "owner": "Jxstxs",
        "repo": "conceal.nvim",
        "rev": "1aff9fc5d1157aef1c7c88b6df6d6db21268d00a",
        "type": "github"
      },
      "original": {
        "owner": "Jxstxs",
        "repo": "conceal.nvim",
        "type": "github"
      }
    },
    "devshell": {
      "inputs": {
        "nixpkgs": [
          "hive",
          "nixpkgs"
        ],
        "systems": "systems"
      },
      "locked": {
        "lastModified": 1694435990,
        "narHash": "sha256-yLQPD2eZGepu3yvdwABXrR3GhAqWRWTj9rn3a4knYuk=",
        "owner": "numtide",
        "repo": "devshell",
        "rev": "f6aec2e8b1cdddcab10ce7fc2eac66886e3deaad",
        "type": "github"
      },
      "original": {
        "owner": "numtide",
        "repo": "devshell",
        "type": "github"
      }
    },
    "disko": {
      "inputs": {
        "nixpkgs": [
          "nixpkgs"
        ]
      },
      "locked": {
        "lastModified": 1718588625,
        "narHash": "sha256-8ZbrJq1jcmyzJ4SDkvd8JOZD4/fNUHpL4cpqVe4w3CU=",
        "owner": "nix-community",
        "repo": "disko",
        "rev": "8262659fc990cecdf6a8de74c3de7b6ec58c2276",
        "type": "github"
      },
      "original": {
        "owner": "nix-community",
        "repo": "disko",
        "type": "github"
      }
    },
    "dmerge": {
      "inputs": {
        "haumea": [
          "hive",
          "std",
          "haumea"
        ],
        "nixlib": [
          "hive",
          "std",
          "lib"
        ],
        "yants": [
          "hive",
          "std",
          "yants"
        ]
      },
      "locked": {
        "lastModified": 1686862774,
        "narHash": "sha256-ojGtRQ9pIOUrxsQEuEPerUkqIJEuod9hIflfNkY+9CE=",
        "owner": "divnix",
        "repo": "dmerge",
        "rev": "9f7f7a8349d33d7bd02e0f2b484b1f076e503a96",
        "type": "github"
      },
      "original": {
        "owner": "divnix",
        "ref": "0.2.1",
        "repo": "dmerge",
        "type": "github"
      }
    },
    "flake-compat": {
      "flake": false,
      "locked": {
        "lastModified": 1650374568,
        "narHash": "sha256-Z+s0J8/r907g149rllvwhb4pKi8Wam5ij0st8PwAh+E=",
        "owner": "edolstra",
        "repo": "flake-compat",
        "rev": "b4a34015c698c7793d592d66adbab377907a2be8",
        "type": "github"
      },
      "original": {
        "owner": "edolstra",
        "repo": "flake-compat",
        "type": "github"
      }
    },
    "flake-parts": {
      "inputs": {
        "nixpkgs-lib": "nixpkgs-lib"
      },
      "locked": {
        "lastModified": 1709336216,
        "narHash": "sha256-Dt/wOWeW6Sqm11Yh+2+t0dfEWxoMxGBvv3JpIocFl9E=",
        "owner": "hercules-ci",
        "repo": "flake-parts",
        "rev": "f7b3c975cf067e56e7cda6cb098ebe3fb4d74ca2",
        "type": "github"
      },
      "original": {
        "id": "flake-parts",
        "type": "indirect"
      }
    },
    "flake-utils": {
      "locked": {
        "lastModified": 1659877975,
        "narHash": "sha256-zllb8aq3YO3h8B/U0/J1WBgAL8EX5yWf5pMj3G0NAmc=",
        "owner": "numtide",
        "repo": "flake-utils",
        "rev": "c0e246b9b83f637f4681389ecabcb2681b4f3af0",
        "type": "github"
      },
      "original": {
        "owner": "numtide",
        "repo": "flake-utils",
        "type": "github"
      }
    },
    "flake-utils_2": {
      "locked": {
        "lastModified": 1653893745,
        "narHash": "sha256-0jntwV3Z8//YwuOjzhV2sgJJPt+HY6KhU7VZUL0fKZQ=",
        "owner": "numtide",
        "repo": "flake-utils",
        "rev": "1ed9fb1935d260de5fe1c2f7ee0ebaae17ed2fa1",
        "type": "github"
      },
      "original": {
        "owner": "numtide",
        "repo": "flake-utils",
        "type": "github"
      }
    },
    "haumea": {
      "inputs": {
        "nixpkgs": [
          "hive",
          "std",
          "lib"
        ]
      },
      "locked": {
        "lastModified": 1685133229,
        "narHash": "sha256-FePm/Gi9PBSNwiDFq3N+DWdfxFq0UKsVVTJS3cQPn94=",
        "owner": "nix-community",
        "repo": "haumea",
        "rev": "34dd58385092a23018748b50f9b23de6266dffc2",
        "type": "github"
      },
      "original": {
        "owner": "nix-community",
        "ref": "v0.2.2",
        "repo": "haumea",
        "type": "github"
      }
    },
    "hive": {
      "inputs": {
        "colmena": [
          "colmena"
        ],
        "devshell": "devshell",
        "nixago": "nixago",
        "nixpkgs": [
          "nixpkgs"
        ],
        "paisano": [
          "hive",
          "std",
          "paisano"
        ],
        "std": "std"
      },
      "locked": {
        "lastModified": 1711370182,
        "narHash": "sha256-a8UK0PRMZWTN6Hu8f/ddwdtUyZsq8u/DYmySZUmpDfA=",
        "owner": "divnix",
        "repo": "hive",
        "rev": "658417a0461bbef57ef109eec28b029c212de2a9",
        "type": "github"
      },
      "original": {
        "owner": "divnix",
        "repo": "hive",
        "type": "github"
      }
    },
    "home-manager": {
      "inputs": {
        "nixpkgs": [
          "nixpkgs"
        ]
      },
      "locked": {
        "lastModified": 1718526747,
        "narHash": "sha256-sKrD/utGvmtQALvuDj4j0CT3AJXP1idOAq2p+27TpeE=",
        "owner": "nix-community",
        "repo": "home-manager",
        "rev": "0a7ffb28e5df5844d0e8039c9833d7075cdee792",
        "type": "github"
      },
      "original": {
        "owner": "nix-community",
        "repo": "home-manager",
        "type": "github"
      }
    },
    "incl": {
      "inputs": {
        "nixlib": [
          "hive",
          "std",
          "lib"
        ]
      },
      "locked": {
        "lastModified": 1669263024,
        "narHash": "sha256-E/+23NKtxAqYG/0ydYgxlgarKnxmDbg6rCMWnOBqn9Q=",
        "owner": "divnix",
        "repo": "incl",
        "rev": "ce7bebaee048e4cd7ebdb4cee7885e00c4e2abca",
        "type": "github"
      },
      "original": {
        "owner": "divnix",
        "repo": "incl",
        "type": "github"
      }
    },
    "ironman-dwm": {
      "flake": false,
      "locked": {
        "lastModified": 1718661140,
        "narHash": "sha256-KRTXAuURqkZmI2Vnn9WWi4PVkIhgTPJcbSak1EexNwE=",
        "owner": "ironman820",
        "repo": "ironman-dwm",
        "rev": "95b1fc89aa700a87b689588431618be0f77767e1",
        "type": "github"
      },
      "original": {
        "owner": "ironman820",
        "repo": "ironman-dwm",
        "type": "github"
      }
    },
    "lib": {
      "locked": {
        "lastModified": 1694306727,
        "narHash": "sha256-26fkTOJOI65NOTNKFvtcJF9mzzf/kK9swHzfYt1Dl6Q=",
        "owner": "nix-community",
        "repo": "nixpkgs.lib",
        "rev": "c30b6a84c0b84ec7aecbe74466033facc9ed103f",
        "type": "github"
      },
      "original": {
        "owner": "nix-community",
        "repo": "nixpkgs.lib",
        "type": "github"
      }
    },
    "nix-ld": {
      "inputs": {
        "nixpkgs": [
          "nixpkgs"
        ]
      },
      "locked": {
        "lastModified": 1701153607,
        "narHash": "sha256-h+odOVyiGmEERMECoFOj5P7FPiMR8IPRzroFA4sKivg=",
        "owner": "mic92",
        "repo": "nix-ld",
        "rev": "bf5aa84a713c31d95b4307e442e966d6c7fd7ae7",
        "type": "github"
      },
      "original": {
        "owner": "mic92",
        "repo": "nix-ld",
        "type": "github"
      }
    },
    "nixago": {
      "inputs": {
        "flake-utils": "flake-utils_2",
        "nixago-exts": [
          "hive"
        ],
        "nixpkgs": [
          "hive",
          "nixpkgs"
        ]
      },
      "locked": {
        "lastModified": 1687381756,
        "narHash": "sha256-IUMIlYfrvj7Yli4H2vvyig8HEPpfCeMaE6+kBGPzFyk=",
        "owner": "nix-community",
        "repo": "nixago",
        "rev": "dacceb10cace103b3e66552ec9719fa0d33c0dc9",
        "type": "github"
      },
      "original": {
        "owner": "nix-community",
        "repo": "nixago",
        "type": "github"
      }
    },
    "nixos-hardware": {
      "locked": {
        "lastModified": 1718548414,
        "narHash": "sha256-1obyIuQPR/Kq1j5/i/5EuAfQrDwjYnjCDG8iLtXmBhQ=",
        "owner": "nixos",
        "repo": "nixos-hardware",
        "rev": "cde8f7e11f036160b0fd6a9e07dc4c8e4061cf06",
        "type": "github"
      },
      "original": {
        "owner": "nixos",
        "repo": "nixos-hardware",
        "type": "github"
      }
    },
    "nixpkgs-2311": {
      "locked": {
        "lastModified": 1718447546,
        "narHash": "sha256-JHuXsrC9pr4kA4n7LuuPfWFJUVlDBVJ1TXDVpHEuUgM=",
        "owner": "nixos",
        "repo": "nixpkgs",
        "rev": "842253bf992c3a7157b67600c2857193f126563a",
        "type": "github"
      },
      "original": {
        "owner": "nixos",
        "ref": "nixos-23.11",
        "repo": "nixpkgs",
        "type": "github"
      }
    },
    "nixpkgs-lib": {
      "locked": {
        "dir": "lib",
        "lastModified": 1709237383,
        "narHash": "sha256-cy6ArO4k5qTx+l5o+0mL9f5fa86tYUX3ozE1S+Txlds=",
        "owner": "NixOS",
        "repo": "nixpkgs",
        "rev": "1536926ef5621b09bba54035ae2bb6d806d72ac8",
        "type": "github"
      },
      "original": {
        "dir": "lib",
        "owner": "NixOS",
        "ref": "nixos-unstable",
        "repo": "nixpkgs",
        "type": "github"
      }
    },
    "nixpkgs-stable": {
      "locked": {
        "lastModified": 1718437845,
        "narHash": "sha256-ZT7Oc1g4I4pHVGGjQFnewFVDRLH5cIZhEzODLz9YXeY=",
        "owner": "nixos",
        "repo": "nixpkgs",
        "rev": "752c634c09ceb50c45e751f8791cb45cb3d46c9e",
        "type": "github"
      },
      "original": {
        "owner": "nixos",
        "ref": "nixos-24.05",
        "repo": "nixpkgs",
        "type": "github"
      }
    },
    "nixpkgs-unstable": {
      "locked": {
        "lastModified": 1718318537,
        "narHash": "sha256-4Zu0RYRcAY/VWuu6awwq4opuiD//ahpc2aFHg2CWqFY=",
        "owner": "nixos",
        "repo": "nixpkgs",
        "rev": "e9ee548d90ff586a6471b4ae80ae9cfcbceb3420",
        "type": "github"
      },
      "original": {
        "owner": "nixos",
        "ref": "nixos-unstable",
        "repo": "nixpkgs",
        "type": "github"
      }
    },
    "nosys": {
      "locked": {
        "lastModified": 1668010795,
        "narHash": "sha256-JBDVBnos8g0toU7EhIIqQ1If5m/nyBqtHhL3sicdPwI=",
        "owner": "divnix",
        "repo": "nosys",
        "rev": "feade0141487801c71ff55623b421ed535dbdefa",
        "type": "github"
      },
      "original": {
        "owner": "divnix",
        "repo": "nosys",
        "type": "github"
      }
    },
    "nvim-cmp-nerdfont": {
      "flake": false,
      "locked": {
        "lastModified": 1700663605,
        "narHash": "sha256-alHMwjzYZO5rCgQUUUEcGNkW3PuYJFfGyo531wNw7p4=",
        "owner": "chrisgrieser",
        "repo": "cmp-nerdfont",
        "rev": "a3b7c0cadb7bd389f513eecda376d4c6bec90003",
        "type": "github"
      },
      "original": {
        "owner": "chrisgrieser",
        "repo": "cmp-nerdfont",
        "type": "github"
      }
    },
    "nvim-undotree": {
      "flake": false,
      "locked": {
        "lastModified": 1707485506,
        "narHash": "sha256-FIYDyfkaIS9C16ClWKLMdpSPv/OrcOalVVsyFJBU2eI=",
        "owner": "jiaoshijie",
        "repo": "undotree",
        "rev": "eab459ab87dd249617b5f7187bb69e614a083047",
        "type": "github"
      },
      "original": {
        "owner": "jiaoshijie",
        "repo": "undotree",
        "type": "github"
      }
    },
    "one-small-step-for-vimkind": {
      "flake": false,
      "locked": {
        "lastModified": 1716827666,
        "narHash": "sha256-gR4RnMW1BUuVNo5sj0V/pBzT8ayLipZsrWuwNZwCvyM=",
        "owner": "jbyuki",
        "repo": "one-small-step-for-vimkind",
        "rev": "e92abbce0b9b77fed1aaf6f122fb18b7045b15ec",
        "type": "github"
      },
      "original": {
        "owner": "jbyuki",
        "repo": "one-small-step-for-vimkind",
        "type": "github"
      }
    },
    "paisano": {
      "inputs": {
        "call-flake": "call-flake",
        "nixpkgs": [
          "hive",
          "std",
          "nixpkgs"
        ],
        "nosys": "nosys",
        "yants": [
          "hive",
          "std",
          "yants"
        ]
      },
      "locked": {
        "lastModified": 1693982790,
        "narHash": "sha256-WTZYlqGUjzzz/PSzcvjEZz2kkwYSXObjeQVrFBaqa2Y=",
        "owner": "paisano-nix",
        "repo": "core",
        "rev": "3e897a19418361ece34841105122ed4f9379ca96",
        "type": "github"
      },
      "original": {
        "owner": "paisano-nix",
        "repo": "core",
        "type": "github"
      }
    },
    "paisano-tui": {
      "flake": false,
      "locked": {
        "lastModified": 1694014205,
        "narHash": "sha256-u0+T6vMznzfjDMUd01ZXQsrQPMEhMjrQwUPTFsPBR1k=",
        "owner": "paisano-nix",
        "repo": "tui",
        "rev": "587ab9fd07bd969d59df73bfe527b5f8a4e752d1",
        "type": "github"
      },
      "original": {
        "owner": "paisano-nix",
        "ref": "0.2.0",
        "repo": "tui",
        "type": "github"
      }
    },
    "root": {
      "inputs": {
        "colmena": "colmena",
        "conceal-nvim": "conceal-nvim",
        "disko": "disko",
        "haumea": [
          "std",
          "haumea"
        ],
        "hive": "hive",
        "home-manager": "home-manager",
        "ironman-dwm": "ironman-dwm",
        "nix-ld": "nix-ld",
        "nixos-hardware": "nixos-hardware",
        "nixpkgs": [
          "nixpkgs-unstable"
        ],
        "nixpkgs-2311": "nixpkgs-2311",
        "nixpkgs-stable": "nixpkgs-stable",
        "nixpkgs-unstable": "nixpkgs-unstable",
        "nvim-cmp-nerdfont": "nvim-cmp-nerdfont",
        "nvim-undotree": "nvim-undotree",
        "one-small-step-for-vimkind": "one-small-step-for-vimkind",
        "sops-nix": "sops-nix",
        "std": [
          "hive",
          "std"
        ],
        "tmux-cheat-sh": "tmux-cheat-sh",
        "tmux-fzf-url": "tmux-fzf-url",
        "tmux-sessionx": "tmux-sessionx",
        "tochd": "tochd"
      }
    },
    "sops-nix": {
      "inputs": {
        "nixpkgs": [
          "nixpkgs"
        ],
        "nixpkgs-stable": [
          "nixpkgs-stable"
        ]
      },
      "locked": {
        "lastModified": 1718506969,
        "narHash": "sha256-Pm9I/BMQHbsucdWf6y9G3xBZh3TMlThGo4KBbeoeczg=",
        "owner": "Mic92",
        "repo": "sops-nix",
        "rev": "797ce4c1f45a85df6dd3d9abdc53f2691bea9251",
        "type": "github"
      },
      "original": {
        "owner": "Mic92",
        "repo": "sops-nix",
        "type": "github"
      }
    },
    "stable": {
      "locked": {
        "lastModified": 1696039360,
        "narHash": "sha256-g7nIUV4uq1TOVeVIDEZLb005suTWCUjSY0zYOlSBsyE=",
        "owner": "NixOS",
        "repo": "nixpkgs",
        "rev": "32dcb45f66c0487e92db8303a798ebc548cadedc",
        "type": "github"
      },
      "original": {
        "owner": "NixOS",
        "ref": "nixos-23.05",
        "repo": "nixpkgs",
        "type": "github"
      }
    },
    "std": {
      "inputs": {
        "arion": [
          "hive",
          "std",
          "blank"
        ],
        "blank": "blank",
        "devshell": [
          "hive",
          "devshell"
        ],
        "dmerge": "dmerge",
        "haumea": "haumea",
        "incl": "incl",
        "lib": "lib",
        "makes": [
          "hive",
          "std",
          "blank"
        ],
        "microvm": [
          "hive",
          "std",
          "blank"
        ],
        "n2c": [
          "hive",
          "std",
          "blank"
        ],
        "nixago": [
          "hive",
          "nixago"
        ],
        "nixpkgs": [
          "hive",
          "nixpkgs"
        ],
        "paisano": "paisano",
        "paisano-tui": "paisano-tui",
        "terranix": [
          "hive",
          "std",
          "blank"
        ],
        "yants": "yants"
      },
      "locked": {
        "lastModified": 1694815542,
        "narHash": "sha256-VxKm6oq3GeVIhrhrCBTGIomxqesWmjsDiOeYiKmrzrY=",
        "owner": "divnix",
        "repo": "std",
        "rev": "0ce59ac671f041183da72e7cd5db9c6eb878e326",
        "type": "github"
      },
      "original": {
        "owner": "divnix",
        "repo": "std",
        "type": "github"
      }
    },
    "systems": {
      "locked": {
        "lastModified": 1681028828,
        "narHash": "sha256-Vy1rq5AaRuLzOxct8nz4T6wlgyUR7zLU309k9mBC768=",
        "owner": "nix-systems",
        "repo": "default",
        "rev": "da67096a3b9bf56a91d16901293e51ba5b49a27e",
        "type": "github"
      },
      "original": {
        "owner": "nix-systems",
        "repo": "default",
        "type": "github"
      }
    },
    "tmux-cheat-sh": {
      "flake": false,
      "locked": {
        "lastModified": 1705611608,
        "narHash": "sha256-G9SNKK9e0wkGCZtlYWlAtwA2UVwV5CpEC6FLjQAbE/c=",
        "owner": "ironman820",
        "repo": "tmux-cheat-sh",
        "rev": "93111ba6cb1aec4331226e90f5ac20ad3f43cef2",
        "type": "github"
      },
      "original": {
        "owner": "ironman820",
        "repo": "tmux-cheat-sh",
        "type": "github"
      }
    },
    "tmux-fzf-url": {
      "flake": false,
      "locked": {
        "lastModified": 1713104690,
        "narHash": "sha256-tl0SjG/CeolrN7OIHj6MgkB9lFmFgEuJevsSuwVs+78=",
        "owner": "wfxr",
        "repo": "tmux-fzf-url",
        "rev": "28ed7ce3c73a328d8463d4f4aaa6ccb851e520fa",
        "type": "github"
      },
      "original": {
        "owner": "wfxr",
        "repo": "tmux-fzf-url",
        "type": "github"
      }
    },
    "tmux-sessionx": {
      "inputs": {
        "flake-parts": "flake-parts",
        "nixpkgs": [
          "nixpkgs"
        ]
      },
      "locked": {
        "lastModified": 1717101958,
        "narHash": "sha256-48lA6kYQW737GEzeHlgX7uFQbjd1H1n8tyRCyxtuTeg=",
        "owner": "omerxx",
        "repo": "tmux-sessionx",
        "rev": "56abffd0155805f8165fb5af19c50d04c4a49069",
        "type": "github"
      },
      "original": {
        "owner": "omerxx",
        "repo": "tmux-sessionx",
        "type": "github"
      }
    },
    "tochd": {
      "flake": false,
      "locked": {
        "lastModified": 1717823526,
        "narHash": "sha256-lpDROCiXyfM4OdXBNGkEhD3T2c8aS8QyF7etHC5tQ8M=",
        "owner": "thingsiplay",
        "repo": "tochd",
        "rev": "eea871b51cd4962d23a6426194f6f524e864c0ac",
        "type": "github"
      },
      "original": {
        "owner": "thingsiplay",
        "repo": "tochd",
        "type": "github"
      }
    },
    "yants": {
      "inputs": {
        "nixpkgs": [
          "hive",
          "std",
          "lib"
        ]
      },
      "locked": {
        "lastModified": 1686863218,
        "narHash": "sha256-kooxYm3/3ornWtVBNHM3Zh020gACUyFX2G0VQXnB+mk=",
        "owner": "divnix",
        "repo": "yants",
        "rev": "8f0da0dba57149676aa4817ec0c880fbde7a648d",
        "type": "github"
      },
      "original": {
        "owner": "divnix",
        "repo": "yants",
        "type": "github"
      }
    }
  },
  "root": "root",
  "version": 7
}
