{
  "nodes": {
    "base16": {
      "inputs": {
        "fromYaml": "fromYaml"
      },
      "locked": {
        "lastModified": 1689633990,
        "narHash": "sha256-iwvQg2Vx0IIDWZaKo8Xmzxlv1YPHg+Kp/QSv8dRv0RY=",
        "owner": "SenchoPens",
        "repo": "base16.nix",
        "rev": "dddf2e1c04845d43c89a8e9e37d574519649a404",
        "type": "github"
      },
      "original": {
        "owner": "SenchoPens",
        "repo": "base16.nix",
        "type": "github"
      }
    },
    "base16-fish": {
      "flake": false,
      "locked": {
        "lastModified": 1622559957,
        "narHash": "sha256-PebymhVYbL8trDVVXxCvZgc0S5VxI7I1Hv4RMSquTpA=",
        "owner": "tomyun",
        "repo": "base16-fish",
        "rev": "2f6dd973a9075dabccd26f1cded09508180bf5fe",
        "type": "github"
      },
      "original": {
        "owner": "tomyun",
        "repo": "base16-fish",
        "type": "github"
      }
    },
    "base16-helix": {
      "flake": false,
      "locked": {
        "lastModified": 1696727917,
        "narHash": "sha256-FVrbPk+NtMra0jtlC5oxyNchbm8FosmvXIatkRbYy1g=",
        "owner": "tinted-theming",
        "repo": "base16-helix",
        "rev": "dbe1480d99fe80f08df7970e471fac24c05f2ddb",
        "type": "github"
      },
      "original": {
        "owner": "tinted-theming",
        "repo": "base16-helix",
        "type": "github"
      }
    },
    "base16-schemes": {
      "flake": false,
      "locked": {
        "lastModified": 1702718998,
        "narHash": "sha256-VTczZi1C4WSzejpTFbneMonAdarRLtDnFehVxWs6ad0=",
        "owner": "tinted-theming",
        "repo": "base16-schemes",
        "rev": "2b6f2d0677216ddda50c9cabd6ee70fae4665f81",
        "type": "github"
      },
      "original": {
        "owner": "tinted-theming",
        "repo": "base16-schemes",
        "type": "github"
      }
    },
    "base16-vim": {
      "flake": false,
      "locked": {
        "lastModified": 1732806396,
        "narHash": "sha256-e0bpPySdJf0F68Ndanwm+KWHgQiZ0s7liLhvJSWDNsA=",
        "owner": "tinted-theming",
        "repo": "base16-vim",
        "rev": "577fe8125d74ff456cf942c733a85d769afe58b7",
        "type": "github"
      },
      "original": {
        "owner": "tinted-theming",
        "repo": "base16-vim",
        "rev": "577fe8125d74ff456cf942c733a85d769afe58b7",
        "type": "github"
      }
    },
    "catppuccin-btop": {
      "flake": false,
      "locked": {
        "lastModified": 1727050041,
        "narHash": "sha256-mEGZwScVPWGu+Vbtddc/sJ+mNdD2kKienGZVUcTSl+c=",
        "owner": "catppuccin",
        "repo": "btop",
        "rev": "f437574b600f1c6d932627050b15ff5153b58fa3",
        "type": "github"
      },
      "original": {
        "owner": "catppuccin",
        "repo": "btop",
        "type": "github"
      }
    },
    "catppuccin-kitty": {
      "flake": false,
      "locked": {
        "lastModified": 1731214416,
        "narHash": "sha256-59ON7CzVgfZUo7F81qQZQ1r6kpcjR3OPvTl99gzDP8E=",
        "owner": "catppuccin",
        "repo": "kitty",
        "rev": "b14e8385c827f2d41660b71c7fec1e92bdcf2676",
        "type": "github"
      },
      "original": {
        "owner": "catppuccin",
        "repo": "kitty",
        "type": "github"
      }
    },
    "catppuccin-lazygit": {
      "flake": false,
      "locked": {
        "lastModified": 1745275813,
        "narHash": "sha256-4eJEOEfwLBc4EoQ32TpuhXS3QDvQ8FtT7EgpotEKV7o=",
        "owner": "catppuccin",
        "repo": "lazygit",
        "rev": "c24895902ec2a3cb62b4557f6ecd8e0afeed95d5",
        "type": "github"
      },
      "original": {
        "owner": "catppuccin",
        "repo": "lazygit",
        "type": "github"
      }
    },
    "catppuccin-neomutt": {
      "flake": false,
      "locked": {
        "lastModified": 1664239314,
        "narHash": "sha256-ye16nP2DL4VytDKB+JdMkBXU+Y9Z4dHmY+DsPcR2EG0=",
        "owner": "catppuccin",
        "repo": "neomutt",
        "rev": "f6ce83da47cc36d5639b0d54e7f5f63cdaf69f11",
        "type": "github"
      },
      "original": {
        "owner": "catppuccin",
        "repo": "neomutt",
        "type": "github"
      }
    },
    "catppuccin-rofi": {
      "flake": false,
      "locked": {
        "lastModified": 1752883501,
        "narHash": "sha256-81eeFjwM/haPjIEWkZPp1JSDwhWbWDAuKtWiCg7P9Q0=",
        "owner": "catppuccin",
        "repo": "rofi",
        "rev": "71fb15577ccb091df2f4fc1f65710edbc61b5a53",
        "type": "github"
      },
      "original": {
        "owner": "catppuccin",
        "repo": "rofi",
        "type": "github"
      }
    },
    "conceal-nvim": {
      "flake": false,
      "locked": {
        "lastModified": 1701804831,
        "narHash": "sha256-4Nhcjk89WD0Kw9iD0YsZ202tRTWlhFHxhVp2kyoju/Y=",
        "owner": "Jxstxs",
        "repo": "conceal.nvim",
        "rev": "1aff9fc5d1157aef1c7c88b6df6d6db21268d00a",
        "type": "github"
      },
      "original": {
        "owner": "Jxstxs",
        "repo": "conceal.nvim",
        "type": "github"
      }
    },
    "disko": {
      "inputs": {
        "nixpkgs": [
          "nixpkgs"
        ]
      },
      "locked": {
        "lastModified": 1758287904,
        "narHash": "sha256-IGmaEf3Do8o5Cwp1kXBN1wQmZwQN3NLfq5t4nHtVtcU=",
        "owner": "nix-community",
        "repo": "disko",
        "rev": "67ff9807dd148e704baadbd4fd783b54282ca627",
        "type": "github"
      },
      "original": {
        "owner": "nix-community",
        "repo": "disko",
        "type": "github"
      }
    },
    "firefox-gnome-theme": {
      "flake": false,
      "locked": {
        "lastModified": 1758112371,
        "narHash": "sha256-lizRM2pj6PHrR25yimjyFn04OS4wcdbc38DCdBVa2rk=",
        "owner": "rafaelmardojai",
        "repo": "firefox-gnome-theme",
        "rev": "0909cfe4a2af8d358ad13b20246a350e14c2473d",
        "type": "github"
      },
      "original": {
        "owner": "rafaelmardojai",
        "repo": "firefox-gnome-theme",
        "type": "github"
      }
    },
    "flake-compat": {
      "flake": false,
      "locked": {
        "lastModified": 1696426674,
        "narHash": "sha256-kvjfFW7WAETZlt09AgDn1MrtKzP7t90Vf7vypd3OL1U=",
        "owner": "edolstra",
        "repo": "flake-compat",
        "rev": "0f9255e01c2351cc7d116c072cb317785dd33b33",
        "type": "github"
      },
      "original": {
        "owner": "edolstra",
        "ref": "v1.0.1",
        "repo": "flake-compat",
        "type": "github"
      }
    },
    "flake-compat_2": {
      "flake": false,
      "locked": {
        "lastModified": 1650374568,
        "narHash": "sha256-Z+s0J8/r907g149rllvwhb4pKi8Wam5ij0st8PwAh+E=",
        "owner": "edolstra",
        "repo": "flake-compat",
        "rev": "b4a34015c698c7793d592d66adbab377907a2be8",
        "type": "github"
      },
      "original": {
        "owner": "edolstra",
        "repo": "flake-compat",
        "type": "github"
      }
    },
    "flake-compat_3": {
      "flake": false,
      "locked": {
        "lastModified": 1650374568,
        "narHash": "sha256-Z+s0J8/r907g149rllvwhb4pKi8Wam5ij0st8PwAh+E=",
        "owner": "edolstra",
        "repo": "flake-compat",
        "rev": "b4a34015c698c7793d592d66adbab377907a2be8",
        "type": "github"
      },
      "original": {
        "owner": "edolstra",
        "repo": "flake-compat",
        "type": "github"
      }
    },
    "flake-parts": {
      "inputs": {
        "nixpkgs-lib": [
          "stylix",
          "nixpkgs"
        ]
      },
      "locked": {
        "lastModified": 1756770412,
        "narHash": "sha256-+uWLQZccFHwqpGqr2Yt5VsW/PbeJVTn9Dk6SHWhNRPw=",
        "owner": "hercules-ci",
        "repo": "flake-parts",
        "rev": "4524271976b625a4a605beefd893f270620fd751",
        "type": "github"
      },
      "original": {
        "owner": "hercules-ci",
        "repo": "flake-parts",
        "type": "github"
      }
    },
    "flake-parts_2": {
      "inputs": {
        "nixpkgs-lib": "nixpkgs-lib"
      },
      "locked": {
        "lastModified": 1709336216,
        "narHash": "sha256-Dt/wOWeW6Sqm11Yh+2+t0dfEWxoMxGBvv3JpIocFl9E=",
        "owner": "hercules-ci",
        "repo": "flake-parts",
        "rev": "f7b3c975cf067e56e7cda6cb098ebe3fb4d74ca2",
        "type": "github"
      },
      "original": {
        "id": "flake-parts",
        "type": "indirect"
      }
    },
    "flake-utils": {
      "locked": {
        "lastModified": 1644229661,
        "narHash": "sha256-1YdnJAsNy69bpcjuoKdOYQX0YxZBiCYZo4Twxerqv7k=",
        "owner": "numtide",
        "repo": "flake-utils",
        "rev": "3cecb5b042f7f209c56ffd8371b2711a290ec797",
        "type": "github"
      },
      "original": {
        "owner": "numtide",
        "repo": "flake-utils",
        "type": "github"
      }
    },
    "flake-utils-plus": {
      "inputs": {
        "flake-utils": "flake-utils"
      },
      "locked": {
        "lastModified": 1715533576,
        "narHash": "sha256-fT4ppWeCJ0uR300EH3i7kmgRZnAVxrH+XtK09jQWihk=",
        "owner": "gytis-ivaskevicius",
        "repo": "flake-utils-plus",
        "rev": "3542fe9126dc492e53ddd252bb0260fe035f2c0f",
        "type": "github"
      },
      "original": {
        "owner": "gytis-ivaskevicius",
        "repo": "flake-utils-plus",
        "rev": "3542fe9126dc492e53ddd252bb0260fe035f2c0f",
        "type": "github"
      }
    },
    "flake-utils-plus_2": {
      "inputs": {
        "flake-utils": "flake-utils_2"
      },
      "locked": {
        "lastModified": 1715533576,
        "narHash": "sha256-fT4ppWeCJ0uR300EH3i7kmgRZnAVxrH+XtK09jQWihk=",
        "owner": "gytis-ivaskevicius",
        "repo": "flake-utils-plus",
        "rev": "3542fe9126dc492e53ddd252bb0260fe035f2c0f",
        "type": "github"
      },
      "original": {
        "owner": "gytis-ivaskevicius",
        "repo": "flake-utils-plus",
        "rev": "3542fe9126dc492e53ddd252bb0260fe035f2c0f",
        "type": "github"
      }
    },
    "flake-utils_2": {
      "inputs": {
        "systems": "systems"
      },
      "locked": {
        "lastModified": 1694529238,
        "narHash": "sha256-zsNZZGTGnMOf9YpHKJqMSsa0dXbfmxeoJ7xHlrt+xmY=",
        "owner": "numtide",
        "repo": "flake-utils",
        "rev": "ff7b65b44d01cf9ba6a71320833626af21126384",
        "type": "github"
      },
      "original": {
        "owner": "numtide",
        "repo": "flake-utils",
        "type": "github"
      }
    },
    "fromYaml": {
      "flake": false,
      "locked": {
        "lastModified": 1689549921,
        "narHash": "sha256-iX0pk/uB019TdBGlaJEWvBCfydT6sRq+eDcGPifVsCM=",
        "owner": "SenchoPens",
        "repo": "fromYaml",
        "rev": "11fbbbfb32e3289d3c631e0134a23854e7865c84",
        "type": "github"
      },
      "original": {
        "owner": "SenchoPens",
        "repo": "fromYaml",
        "type": "github"
      }
    },
    "gnome-shell": {
      "flake": false,
      "locked": {
        "lastModified": 1744584021,
        "narHash": "sha256-0RJ4mJzf+klKF4Fuoc8VN8dpQQtZnKksFmR2jhWE1Ew=",
        "owner": "GNOME",
        "repo": "gnome-shell",
        "rev": "52c517c8f6c199a1d6f5118fae500ef69ea845ae",
        "type": "github"
      },
      "original": {
        "owner": "GNOME",
        "ref": "48.1",
        "repo": "gnome-shell",
        "type": "github"
      }
    },
    "home-manager": {
      "inputs": {
        "nixpkgs": [
          "nixpkgs"
        ]
      },
      "locked": {
        "lastModified": 1758463745,
        "narHash": "sha256-uhzsV0Q0I9j2y/rfweWeGif5AWe0MGrgZ/3TjpDYdGA=",
        "owner": "nix-community",
        "repo": "home-manager",
        "rev": "3b955f5f0a942f9f60cdc9cacb7844335d0f21c3",
        "type": "github"
      },
      "original": {
        "owner": "nix-community",
        "ref": "release-25.05",
        "repo": "home-manager",
        "type": "github"
      }
    },
    "nixpkgs": {
      "locked": {
        "lastModified": 1758791193,
        "narHash": "sha256-F8WmEwFoHsnix7rt290R0rFXNJiMbClMZyIC/e+HYf0=",
        "owner": "nixos",
        "repo": "nixpkgs",
        "rev": "25e53aa156d47bad5082ff7618f5feb1f5e02d01",
        "type": "github"
      },
      "original": {
        "owner": "nixos",
        "ref": "nixos-25.05",
        "repo": "nixpkgs",
        "type": "github"
      }
    },
    "nixpkgs-lib": {
      "locked": {
        "dir": "lib",
        "lastModified": 1709237383,
        "narHash": "sha256-cy6ArO4k5qTx+l5o+0mL9f5fa86tYUX3ozE1S+Txlds=",
        "owner": "NixOS",
        "repo": "nixpkgs",
        "rev": "1536926ef5621b09bba54035ae2bb6d806d72ac8",
        "type": "github"
      },
      "original": {
        "dir": "lib",
        "owner": "NixOS",
        "ref": "nixos-unstable",
        "repo": "nixpkgs",
        "type": "github"
      }
    },
    "nur": {
      "inputs": {
        "flake-parts": [
          "stylix",
          "flake-parts"
        ],
        "nixpkgs": [
          "stylix",
          "nixpkgs"
        ]
      },
      "locked": {
        "lastModified": 1758920398,
        "narHash": "sha256-JCk6Y5HNA5H9C4OAKB3+A+ycrsUoFOvuW6naxBHTEvk=",
        "owner": "nix-community",
        "repo": "NUR",
        "rev": "4d606b49d29710ccf0e323490d070ced5aac983f",
        "type": "github"
      },
      "original": {
        "owner": "nix-community",
        "repo": "NUR",
        "type": "github"
      }
    },
    "nvim-cmp-nerdfont": {
      "flake": false,
      "locked": {
        "lastModified": 1732723172,
        "narHash": "sha256-alHMwjzYZO5rCgQUUUEcGNkW3PuYJFfGyo531wNw7p4=",
        "owner": "chrisgrieser",
        "repo": "cmp-nerdfont",
        "rev": "e97482344ebed29093015a18c155057adf5c842b",
        "type": "github"
      },
      "original": {
        "owner": "chrisgrieser",
        "repo": "cmp-nerdfont",
        "type": "github"
      }
    },
    "root": {
      "inputs": {
        "base16-schemes": "base16-schemes",
        "catppuccin-btop": "catppuccin-btop",
        "catppuccin-kitty": "catppuccin-kitty",
        "catppuccin-lazygit": "catppuccin-lazygit",
        "catppuccin-neomutt": "catppuccin-neomutt",
        "catppuccin-rofi": "catppuccin-rofi",
        "conceal-nvim": "conceal-nvim",
        "disko": "disko",
        "home-manager": "home-manager",
        "nixpkgs": "nixpkgs",
        "nvim-cmp-nerdfont": "nvim-cmp-nerdfont",
        "snowfall-flake": "snowfall-flake",
        "snowfall-lib": "snowfall-lib_2",
        "sops-nix": "sops-nix",
        "stylix": "stylix",
        "tmux-cheat-sh": "tmux-cheat-sh",
        "tmux-sessionx": "tmux-sessionx",
        "unstable": "unstable"
      }
    },
    "snowfall-flake": {
      "inputs": {
        "flake-compat": "flake-compat",
        "nixpkgs": [
          "unstable"
        ],
        "snowfall-lib": "snowfall-lib"
      },
      "locked": {
        "lastModified": 1749330936,
        "narHash": "sha256-uy1G+/KeI+9nVsNupTFSe0Fvt18PYOiQKroP+JOoucA=",
        "owner": "snowfallorg",
        "repo": "flake",
        "rev": "4b2adcd54b0d194cf2a859f5dfe8d16d0d264bf6",
        "type": "github"
      },
      "original": {
        "owner": "snowfallorg",
        "repo": "flake",
        "type": "github"
      }
    },
    "snowfall-lib": {
      "inputs": {
        "flake-compat": "flake-compat_2",
        "flake-utils-plus": "flake-utils-plus",
        "nixpkgs": [
          "snowfall-flake",
          "nixpkgs"
        ]
      },
      "locked": {
        "lastModified": 1716675292,
        "narHash": "sha256-7TFvVE4HR/b65/0AAhewYHEJzUXxIEJn82ow5bCkrDo=",
        "owner": "snowfallorg",
        "repo": "lib",
        "rev": "5d6e9f235735393c28e1145bec919610b172a20f",
        "type": "github"
      },
      "original": {
        "owner": "snowfallorg",
        "ref": "v3.0.2",
        "repo": "lib",
        "type": "github"
      }
    },
    "snowfall-lib_2": {
      "inputs": {
        "flake-compat": "flake-compat_3",
        "flake-utils-plus": "flake-utils-plus_2",
        "nixpkgs": [
          "nixpkgs"
        ]
      },
      "locked": {
        "lastModified": 1736130495,
        "narHash": "sha256-4i9nAJEZFv7vZMmrE0YG55I3Ggrtfo5/T07JEpEZ/RM=",
        "owner": "snowfallorg",
        "repo": "lib",
        "rev": "02d941739f98a09e81f3d2d9b3ab08918958beac",
        "type": "github"
      },
      "original": {
        "owner": "snowfallorg",
        "repo": "lib",
        "type": "github"
      }
    },
    "sops-nix": {
      "inputs": {
        "nixpkgs": [
          "nixpkgs"
        ]
      },
      "locked": {
        "lastModified": 1758425756,
        "narHash": "sha256-L3N8zV6wsViXiD8i3WFyrvjDdz76g3tXKEdZ4FkgQ+Y=",
        "owner": "Mic92",
        "repo": "sops-nix",
        "rev": "e0fdaea3c31646e252a60b42d0ed8eafdb289762",
        "type": "github"
      },
      "original": {
        "owner": "Mic92",
        "repo": "sops-nix",
        "type": "github"
      }
    },
    "stylix": {
      "inputs": {
        "base16": "base16",
        "base16-fish": "base16-fish",
        "base16-helix": "base16-helix",
        "base16-vim": "base16-vim",
        "firefox-gnome-theme": "firefox-gnome-theme",
        "flake-parts": "flake-parts",
        "gnome-shell": "gnome-shell",
        "nixpkgs": [
          "nixpkgs"
        ],
        "nur": "nur",
        "systems": "systems_2",
        "tinted-foot": "tinted-foot",
        "tinted-kitty": "tinted-kitty",
        "tinted-schemes": "tinted-schemes",
        "tinted-tmux": "tinted-tmux",
        "tinted-zed": "tinted-zed"
      },
      "locked": {
        "lastModified": 1758752640,
        "narHash": "sha256-UYkixkkd3VgoO7NeSlKcaE3Glt1r1FHmBlziwYijgMQ=",
        "owner": "danth",
        "repo": "stylix",
        "rev": "fdfa65624eed1e28960c24a27ba27fffc92e9a32",
        "type": "github"
      },
      "original": {
        "owner": "danth",
        "ref": "release-25.05",
        "repo": "stylix",
        "type": "github"
      }
    },
    "systems": {
      "locked": {
        "lastModified": 1681028828,
        "narHash": "sha256-Vy1rq5AaRuLzOxct8nz4T6wlgyUR7zLU309k9mBC768=",
        "owner": "nix-systems",
        "repo": "default",
        "rev": "da67096a3b9bf56a91d16901293e51ba5b49a27e",
        "type": "github"
      },
      "original": {
        "owner": "nix-systems",
        "repo": "default",
        "type": "github"
      }
    },
    "systems_2": {
      "locked": {
        "lastModified": 1681028828,
        "narHash": "sha256-Vy1rq5AaRuLzOxct8nz4T6wlgyUR7zLU309k9mBC768=",
        "owner": "nix-systems",
        "repo": "default",
        "rev": "da67096a3b9bf56a91d16901293e51ba5b49a27e",
        "type": "github"
      },
      "original": {
        "owner": "nix-systems",
        "repo": "default",
        "type": "github"
      }
    },
    "tinted-foot": {
      "flake": false,
      "locked": {
        "lastModified": 1726913040,
        "narHash": "sha256-+eDZPkw7efMNUf3/Pv0EmsidqdwNJ1TaOum6k7lngDQ=",
        "owner": "tinted-theming",
        "repo": "tinted-foot",
        "rev": "fd1b924b6c45c3e4465e8a849e67ea82933fcbe4",
        "type": "github"
      },
      "original": {
        "owner": "tinted-theming",
        "repo": "tinted-foot",
        "rev": "fd1b924b6c45c3e4465e8a849e67ea82933fcbe4",
        "type": "github"
      }
    },
    "tinted-kitty": {
      "flake": false,
      "locked": {
        "lastModified": 1735730497,
        "narHash": "sha256-4KtB+FiUzIeK/4aHCKce3V9HwRvYaxX+F1edUrfgzb8=",
        "owner": "tinted-theming",
        "repo": "tinted-kitty",
        "rev": "de6f888497f2c6b2279361bfc790f164bfd0f3fa",
        "type": "github"
      },
      "original": {
        "owner": "tinted-theming",
        "repo": "tinted-kitty",
        "type": "github"
      }
    },
    "tinted-schemes": {
      "flake": false,
      "locked": {
        "lastModified": 1757716333,
        "narHash": "sha256-d4km8W7w2zCUEmPAPUoLk1NlYrGODuVa3P7St+UrqkM=",
        "owner": "tinted-theming",
        "repo": "schemes",
        "rev": "317a5e10c35825a6c905d912e480dfe8e71c7559",
        "type": "github"
      },
      "original": {
        "owner": "tinted-theming",
        "repo": "schemes",
        "type": "github"
      }
    },
    "tinted-tmux": {
      "flake": false,
      "locked": {
        "lastModified": 1757811970,
        "narHash": "sha256-n5ZJgmzGZXOD9pZdAl1OnBu3PIqD+X3vEBUGbTi4JiI=",
        "owner": "tinted-theming",
        "repo": "tinted-tmux",
        "rev": "d217ba31c846006e9e0ae70775b0ee0f00aa6b1e",
        "type": "github"
      },
      "original": {
        "owner": "tinted-theming",
        "repo": "tinted-tmux",
        "type": "github"
      }
    },
    "tinted-zed": {
      "flake": false,
      "locked": {
        "lastModified": 1757811247,
        "narHash": "sha256-4EFOUyLj85NRL3OacHoLGEo0wjiRJzfsXtR4CZWAn6w=",
        "owner": "tinted-theming",
        "repo": "base16-zed",
        "rev": "824fe0aacf82b3c26690d14e8d2cedd56e18404e",
        "type": "github"
      },
      "original": {
        "owner": "tinted-theming",
        "repo": "base16-zed",
        "type": "github"
      }
    },
    "tmux-cheat-sh": {
      "flake": false,
      "locked": {
        "lastModified": 1705611608,
        "narHash": "sha256-G9SNKK9e0wkGCZtlYWlAtwA2UVwV5CpEC6FLjQAbE/c=",
        "owner": "ironman820",
        "repo": "tmux-cheat-sh",
        "rev": "93111ba6cb1aec4331226e90f5ac20ad3f43cef2",
        "type": "github"
      },
      "original": {
        "owner": "ironman820",
        "repo": "tmux-cheat-sh",
        "type": "github"
      }
    },
    "tmux-sessionx": {
      "inputs": {
        "flake-parts": "flake-parts_2",
        "nixpkgs": [
          "unstable"
        ]
      },
      "locked": {
        "lastModified": 1754419178,
        "narHash": "sha256-a/wI6UMQayOfQswIm690ypyT/Lxfbz0Uja21ZbqN3Xk=",
        "owner": "omerxx",
        "repo": "tmux-sessionx",
        "rev": "fe704934f8cec16f07fcb9e722ed868fd769c647",
        "type": "github"
      },
      "original": {
        "owner": "omerxx",
        "repo": "tmux-sessionx",
        "type": "github"
      }
    },
    "unstable": {
      "locked": {
        "lastModified": 1758690382,
        "narHash": "sha256-NY3kSorgqE5LMm1LqNwGne3ZLMF2/ILgLpFr1fS4X3o=",
        "owner": "nixos",
        "repo": "nixpkgs",
        "rev": "e643668fd71b949c53f8626614b21ff71a07379d",
        "type": "github"
      },
      "original": {
        "owner": "nixos",
        "ref": "nixos-unstable",
        "repo": "nixpkgs",
        "type": "github"
      }
    }
  },
  "root": "root",
  "version": 7
}
